{
  "name": "npm-git-repo-1",
  "version": "0.0.1",
  "lockfileVersion": 2,
  "requires": true,
  "packages": {
    "": {
      "name": "npm-git-repo-1",
      "version": "0.0.1",
      "license": "ISC",
      "dependencies": {
        "mine": "G-Rath/npm-git-repo-1"
      }
    },
    "node_modules/mine": {
      "name": "npm-git-repo-1",
      "version": "1.2.3",
      "resolved": "git+ssh://git@github.com/G-Rath/npm-git-repo-1.git#094e581aaf927d010e4b61d706ba584551dac502",
      "license": "ISC"
    }
  },
  "dependencies": {
    "mine": {
      "version": "git+ssh://git@github.com/G-Rath/npm-git-repo-1.git#094e581aaf927d010e4b61d706ba584551dac502",
      "from": "mine@G-Rath/npm-git-repo-1"
    }
  }
}
